// !$*UTF8*$!
{
	archiveVersion = 1;
	classes = {
	};
	objectVersion = 46;
	objects = {

/* Begin PBXBuildFile section */
		56C1937A1EAF7E30004DDF57 /* AppDelegate.swift in Sources */ = {isa = PBXBuildFile; fileRef = 56C193791EAF7E30004DDF57 /* AppDelegate.swift */; };
		56C1937C1EAF7E30004DDF57 /* ViewController.swift in Sources */ = {isa = PBXBuildFile; fileRef = 56C1937B1EAF7E30004DDF57 /* ViewController.swift */; };
		56C1937F1EAF7E30004DDF57 /* Main.storyboard in Resources */ = {isa = PBXBuildFile; fileRef = 56C1937D1EAF7E30004DDF57 /* Main.storyboard */; };
		56C193811EAF7E30004DDF57 /* Assets.xcassets in Resources */ = {isa = PBXBuildFile; fileRef = 56C193801EAF7E30004DDF57 /* Assets.xcassets */; };
		56C193841EAF7E30004DDF57 /* LaunchScreen.storyboard in Resources */ = {isa = PBXBuildFile; fileRef = 56C193821EAF7E30004DDF57 /* LaunchScreen.storyboard */; };
		56C1938C1EAF86D4004DDF57 /* Shader.metal in Sources */ = {isa = PBXBuildFile; fileRef = 56C1938B1EAF86D4004DDF57 /* Shader.metal */; };
		A85EEAAA1EB086A400B7EB9B /* tulips_yuyv422_prog_packed_qcif.yuv in Resources */ = {isa = PBXBuildFile; fileRef = A85EEAA91EB086A400B7EB9B /* tulips_yuyv422_prog_packed_qcif.yuv */; };
/* End PBXBuildFile section */

/* Begin PBXFileReference section */
		56C193761EAF7E30004DDF57 /* MetalTutorialPart1.app */ = {isa = PBXFileReference; explicitFileType = wrapper.application; includeInIndex = 0; path = MetalTutorialPart1.app; sourceTree = BUILT_PRODUCTS_DIR; };
		56C193791EAF7E30004DDF57 /* AppDelegate.swift */ = {isa = PBXFileReference; lastKnownFileType = sourcecode.swift; path = AppDelegate.swift; sourceTree = "<group>"; };
		56C1937B1EAF7E30004DDF57 /* ViewController.swift */ = {isa = PBXFileReference; lastKnownFileType = sourcecode.swift; path = ViewController.swift; sourceTree = "<group>"; };
		56C1937E1EAF7E30004DDF57 /* Base */ = {isa = PBXFileReference; lastKnownFileType = file.storyboard; name = Base; path = Base.lproj/Main.storyboard; sourceTree = "<group>"; };
		56C193801EAF7E30004DDF57 /* Assets.xcassets */ = {isa = PBXFileReference; lastKnownFileType = folder.assetcatalog; path = Assets.xcassets; sourceTree = "<group>"; };
		56C193831EAF7E30004DDF57 /* Base */ = {isa = PBXFileReference; lastKnownFileType = file.storyboard; name = Base; path = Base.lproj/LaunchScreen.storyboard; sourceTree = "<group>"; };
		56C193851EAF7E30004DDF57 /* Info.plist */ = {isa = PBXFileReference; lastKnownFileType = text.plist.xml; path = Info.plist; sourceTree = "<group>"; };
		56C1938B1EAF86D4004DDF57 /* Shader.metal */ = {isa = PBXFileReference; fileEncoding = 4; lastKnownFileType = sourcecode.metal; path = Shader.metal; sourceTree = "<group>"; };
		A85EEAA91EB086A400B7EB9B /* tulips_yuyv422_prog_packed_qcif.yuv */ = {isa = PBXFileReference; fileEncoding = 4; lastKnownFileType = text; path = tulips_yuyv422_prog_packed_qcif.yuv; sourceTree = "<group>"; };
/* End PBXFileReference section */

/* Begin PBXFrameworksBuildPhase section */
		56C193731EAF7E30004DDF57 /* Frameworks */ = {
			isa = PBXFrameworksBuildPhase;
			buildActionMask = 2147483647;
			files = (
			);
			runOnlyForDeploymentPostprocessing = 0;
		};
/* End PBXFrameworksBuildPhase section */

/* Begin PBXGroup section */
		56C1936D1EAF7E30004DDF57 = {
			isa = PBXGroup;
			children = (
				A85EEAA91EB086A400B7EB9B /* tulips_yuyv422_prog_packed_qcif.yuv */,
				56C193781EAF7E30004DDF57 /* MetalTutorialPart1 */,
				56C193771EAF7E30004DDF57 /* Products */,
			);
			sourceTree = "<group>";
		};
		56C193771EAF7E30004DDF57 /* Products */ = {
			isa = PBXGroup;
			children = (
				56C193761EAF7E30004DDF57 /* MetalTutorialPart1.app */,
			);
			name = Products;
			sourceTree = "<group>";
		};
		56C193781EAF7E30004DDF57 /* MetalTutorialPart1 */ = {
			isa = PBXGroup;
			children = (
				56C193791EAF7E30004DDF57 /* AppDelegate.swift */,
				56C1937B1EAF7E30004DDF57 /* ViewController.swift */,
				56C1938B1EAF86D4004DDF57 /* Shader.metal */,
				56C1937D1EAF7E30004DDF57 /* Main.storyboard */,
				56C193801EAF7E30004DDF57 /* Assets.xcassets */,
				56C193821EAF7E30004DDF57 /* LaunchScreen.storyboard */,
				56C193851EAF7E30004DDF57 /* Info.plist */,
			);
			path = MetalTutorialPart1;
			sourceTree = "<group>";
		};
/* End PBXGroup section */

/* Begin PBXNativeTarget section */
		56C193751EAF7E30004DDF57 /* MetalTutorialPart1 */ = {
			isa = PBXNativeTarget;
			buildConfigurationList = 56C193881EAF7E30004DDF57 /* Build configuration list for PBXNativeTarget "MetalTutorialPart1" */;
			buildPhases = (
				56C193721EAF7E30004DDF57 /* Sources */,
				56C193731EAF7E30004DDF57 /* Frameworks */,
				56C193741EAF7E30004DDF57 /* Resources */,
			);
			buildRules = (
			);
			dependencies = (
			);
			name = MetalTutorialPart1;
			productName = MetalTutorialPart1;
			productReference = 56C193761EAF7E30004DDF57 /* MetalTutorialPart1.app */;
			productType = "com.apple.product-type.application";
		};
/* End PBXNativeTarget section */

/* Begin PBXProject section */
		56C1936E1EAF7E30004DDF57 /* Project object */ = {
			isa = PBXProject;
			attributes = {
				LastSwiftUpdateCheck = 0830;
				LastUpgradeCheck = 0830;
				ORGANIZATIONNAME = "Chia-Cheng Hsu";
				TargetAttributes = {
					56C193751EAF7E30004DDF57 = {
						CreatedOnToolsVersion = 8.3.2;
						DevelopmentTeam = XZ7PL3RVBP;
						ProvisioningStyle = Automatic;
					};
				};
			};
			buildConfigurationList = 56C193711EAF7E30004DDF57 /* Build configuration list for PBXProject "MetalTutorialPart1" */;
			compatibilityVersion = "Xcode 3.2";
			developmentRegion = English;
			hasScannedForEncodings = 0;
			knownRegions = (
				en,
				Base,
			);
			mainGroup = 56C1936D1EAF7E30004DDF57;
			productRefGroup = 56C193771EAF7E30004DDF57 /* Products */;
			projectDirPath = "";
			projectRoot = "";
			targets = (
				56C193751EAF7E30004DDF57 /* MetalTutorialPart1 */,
			);
		};
/* End PBXProject section */

/* Begin PBXResourcesBuildPhase section */
		56C193741EAF7E30004DDF57 /* Resources */ = {
			isa = PBXResourcesBuildPhase;
			buildActionMask = 2147483647;
			files = (
				56C193841EAF7E30004DDF57 /* LaunchScreen.storyboard in Resources */,
				56C193811EAF7E30004DDF57 /* Assets.xcassets in Resources */,
				A85EEAAA1EB086A400B7EB9B /* tulips_yuyv422_prog_packed_qcif.yuv in Resources */,
				56C1937F1EAF7E30004DDF57 /* Main.storyboard in Resources */,
			);
			runOnlyForDeploymentPostprocessing = 0;
		};
/* End PBXResourcesBuildPhase section */

/* Begin PBXSourcesBuildPhase section */
		56C193721EAF7E30004DDF57 /* Sources */ = {
			isa = PBXSourcesBuildPhase;
			buildActionMask = 2147483647;
			files = (
				56C1938C1EAF86D4004DDF57 /* Shader.metal in Sources */,
				56C1937C1EAF7E30004DDF57 /* ViewController.swift in Sources */,
				56C1937A1EAF7E30004DDF57 /* AppDelegate.swift in Sources */,
			);
			runOnlyForDeploymentPostprocessing = 0;
		};
/* End PBXSourcesBuildPhase section */

/* Begin PBXVariantGroup section */
		56C1937D1EAF7E30004DDF57 /* Main.storyboard */ = {
			isa = PBXVariantGroup;
			children = (
				56C1937E1EAF7E30004DDF57 /* Base */,
			);
			name = Main.storyboard;
			sourceTree = "<group>";
		};
		56C193821EAF7E30004DDF57 /* LaunchScreen.storyboard */ = {
			isa = PBXVariantGroup;
			children = (
				56C193831EAF7E30004DDF57 /* Base */,
			);
			name = LaunchScreen.storyboard;
			sourceTree = "<group>";
		};
/* End PBXVariantGroup section */

/* Begin XCBuildConfiguration section */
		56C193861EAF7E30004DDF57 /* Debug */ = {
			isa = XCBuildConfiguration;
			buildSettings = {
				ALWAYS_SEARCH_USER_PATHS = NO;
				CLANG_ANALYZER_NONNULL = YES;
				CLANG_ANALYZER_NUMBER_OBJECT_CONVERSION = YES_AGGRESSIVE;
				CLANG_CXX_LANGUAGE_STANDARD = "gnu++0x";
				CLANG_CXX_LIBRARY = "libc++";
				CLANG_ENABLE_MODULES = YES;
				CLANG_ENABLE_OBJC_ARC = YES;
				CLANG_WARN_BOOL_CONVERSION = YES;
				CLANG_WARN_CONSTANT_CONVERSION = YES;
				CLANG_WARN_DIRECT_OBJC_ISA_USAGE = YES_ERROR;
				CLANG_WARN_DOCUMENTATION_COMMENTS = YES;
				CLANG_WARN_EMPTY_BODY = YES;
				CLANG_WARN_ENUM_CONVERSION = YES;
				CLANG_WARN_INFINITE_RECURSION = YES;
				CLANG_WARN_INT_CONVERSION = YES;
				CLANG_WARN_OBJC_ROOT_CLASS = YES_ERROR;
				CLANG_WARN_SUSPICIOUS_MOVE = YES;
				CLANG_WARN_UNREACHABLE_CODE = YES;
				CLANG_WARN__DUPLICATE_METHOD_MATCH = YES;
				"CODE_SIGN_IDENTITY[sdk=iphoneos*]" = "iPhone Developer";
				COPY_PHASE_STRIP = NO;
				DEBUG_INFORMATION_FORMAT = dwarf;
				ENABLE_STRICT_OBJC_MSGSEND = YES;
				ENABLE_TESTABILITY = YES;
				GCC_C_LANGUAGE_STANDARD = gnu99;
				GCC_DYNAMIC_NO_PIC = NO;
				GCC_NO_COMMON_BLOCKS = YES;
				GCC_OPTIMIZATION_LEVEL = 0;
				GCC_PREPROCESSOR_DEFINITIONS = (
					"DEBUG=1",
					"$(inherited)",
				);
				GCC_WARN_64_TO_32_BIT_CONVERSION = YES;
				GCC_WARN_ABOUT_RETURN_TYPE = YES_ERROR;
				GCC_WARN_UNDECLARED_SELECTOR = YES;
				GCC_WARN_UNINITIALIZED_AUTOS = YES_AGGRESSIVE;
				GCC_WARN_UNUSED_FUNCTION = YES;
				GCC_WARN_UNUSED_VARIABLE = YES;
				IPHONEOS_DEPLOYMENT_TARGET = 10.3;
				MTL_ENABLE_DEBUG_INFO = YES;
				ONLY_ACTIVE_ARCH = YES;
				SDKROOT = iphoneos;
				SWIFT_ACTIVE_COMPILATION_CONDITIONS = DEBUG;
				SWIFT_OPTIMIZATION_LEVEL = "-Onone";
				TARGETED_DEVICE_FAMILY = "1,2";
			};
			name = Debug;
		};
		56C193871EAF7E30004DDF57 /* Release */ = {
			isa = XCBuildConfiguration;
			buildSettings = {
				ALWAYS_SEARCH_USER_PATHS = NO;
				CLANG_ANALYZER_NONNULL = YES;
				CLANG_ANALYZER_NUMBER_OBJECT_CONVERSION = YES_AGGRESSIVE;
				CLANG_CXX_LANGUAGE_STANDARD = "gnu++0x";
				CLANG_CXX_LIBRARY = "libc++";
				CLANG_ENABLE_MODULES = YES;
				CLANG_ENABLE_OBJC_ARC = YES;
				CLANG_WARN_BOOL_CONVERSION = YES;
				CLANG_WARN_CONSTANT_CONVERSION = YES;
				CLANG_WARN_DIRECT_OBJC_ISA_USAGE = YES_ERROR;
				CLANG_WARN_DOCUMENTATION_COMMENTS = YES;
				CLANG_WARN_EMPTY_BODY = YES;
				CLANG_WARN_ENUM_CONVERSION = YES;
				CLANG_WARN_INFINITE_RECURSION = YES;
				CLANG_WARN_INT_CONVERSION = YES;
				CLANG_WARN_OBJC_ROOT_CLASS = YES_ERROR;
				CLANG_WARN_SUSPICIOUS_MOVE = YES;
				CLANG_WARN_UNREACHABLE_CODE = YES;
				CLANG_WARN__DUPLICATE_METHOD_MATCH = YES;
				"CODE_SIGN_IDENTITY[sdk=iphoneos*]" = "iPhone Developer";
				COPY_PHASE_STRIP = NO;
				DEBUG_INFORMATION_FORMAT = "dwarf-with-dsym";
				ENABLE_NS_ASSERTIONS = NO;
				ENABLE_STRICT_OBJC_MSGSEND = YES;
				GCC_C_LANGUAGE_STANDARD = gnu99;
				GCC_NO_COMMON_BLOCKS = YES;
				GCC_WARN_64_TO_32_BIT_CONVERSION = YES;
				GCC_WARN_ABOUT_RETURN_TYPE = YES_ERROR;
				GCC_WARN_UNDECLARED_SELECTOR = YES;
				GCC_WARN_UNINITIALIZED_AUTOS = YES_AGGRESSIVE;
				GCC_WARN_UNUSED_FUNCTION = YES;
				GCC_WARN_UNUSED_VARIABLE = YES;
				IPHONEOS_DEPLOYMENT_TARGET = 10.3;
				MTL_ENABLE_DEBUG_INFO = NO;
				SDKROOT = iphoneos;
				SWIFT_OPTIMIZATION_LEVEL = "-Owholemodule";
				TARGETED_DEVICE_FAMILY = "1,2";
				VALIDATE_PRODUCT = YES;
			};
			name = Release;
		};
		56C193891EAF7E30004DDF57 /* Debug */ = {
			isa = XCBuildConfiguration;
			buildSettings = {
				ASSETCATALOG_COMPILER_APPICON_NAME = AppIcon;
				DEVELOPMENT_TEAM = XZ7PL3RVBP;
				INFOPLIST_FILE = MetalTutorialPart1/Info.plist;
				LD_RUNPATH_SEARCH_PATHS = "$(inherited) @executable_path/Frameworks";
				PRODUCT_BUNDLE_IDENTIFIER = timsheu.MetalTutorialPart1;
				PRODUCT_NAME = "$(TARGET_NAME)";
				SWIFT_VERSION = 3.0;
			};
			name = Debug;
		};
		56C1938A1EAF7E30004DDF57 /* Release */ = {
			isa = XCBuildConfiguration;
			buildSettings = {
				ASSETCATALOG_COMPILER_APPICON_NAME = AppIcon;
				DEVELOPMENT_TEAM = XZ7PL3RVBP;
				INFOPLIST_FILE = MetalTutorialPart1/Info.plist;
				LD_RUNPATH_SEARCH_PATHS = "$(inherited) @executable_path/Frameworks";
				PRODUCT_BUNDLE_IDENTIFIER = timsheu.MetalTutorialPart1;
				PRODUCT_NAME = "$(TARGET_NAME)";
				SWIFT_VERSION = 3.0;
			};
			name = Release;
		};
/* End XCBuildConfiguration section */

/* Begin XCConfigurationList section */
		56C193711EAF7E30004DDF57 /* Build configuration list for PBXProject "MetalTutorialPart1" */ = {
			isa = XCConfigurationList;
			buildConfigurations = (
				56C193861EAF7E30004DDF57 /* Debug */,
				56C193871EAF7E30004DDF57 /* Release */,
			);
			defaultConfigurationIsVisible = 0;
			defaultConfigurationName = Release;
		};
		56C193881EAF7E30004DDF57 /* Build configuration list for PBXNativeTarget "MetalTutorialPart1" */ = {
			isa = XCConfigurationList;
			buildConfigurations = (
				56C193891EAF7E30004DDF57 /* Debug */,
				56C1938A1EAF7E30004DDF57 /* Release */,
			);
			defaultConfigurationIsVisible = 0;
			defaultConfigurationName = Release;
		};
/* End XCConfigurationList section */
	};
	rootObject = 56C1936E1EAF7E30004DDF57 /* Project object */;
}
